# This file is autogenerated, do not edit; changes may be undone by the next 'dep ensure'.


[[projects]]
  branch = "master"
  name = "github.com/wodog/pool"
  packages = ["."]
  revision = "6ba9ade20bd93593545ff3619c13a1de575fb7f0"

[solve-meta]
  analyzer-name = "dep"
  analyzer-version = 1
  inputs-digest = "69c76ba8c93750f608b6fa624f9e8eca27d87dfaf54ff54e2289e0ccd15958bc"
  solver-name = "gps-cdcl"
  solver-version = 1
