# This file is autogenerated, do not edit; changes may be undone by the next 'dep ensure'.


[[projects]]
  branch = "master"
  name = "github.com/wodog/pool"
  packages = ["."]
  revision = "f30fda2164bd5171031bc9e4ee07aeed95fea8e4"

[solve-meta]
  analyzer-name = "dep"
  analyzer-version = 1
  inputs-digest = "69c76ba8c93750f608b6fa624f9e8eca27d87dfaf54ff54e2289e0ccd15958bc"
  solver-name = "gps-cdcl"
  solver-version = 1
